<?xml version="1.0" encoding="utf-8"?>
<Project ToolsVersion="4.0" xmlns="http://schemas.microsoft.com/developer/msbuild/2003">
  <ItemGroup>
    <Filter Include="App">
      <UniqueIdentifier>{862e4bd4-4ccf-4a91-a6cb-10b389bb8c40}</UniqueIdentifier>
    </Filter>
    <Filter Include="GameEngine">
      <UniqueIdentifier>{e17e48db-6015-4694-af30-2168058b8d60}</UniqueIdentifier>
    </Filter>
    <Filter Include="GameEngine\WindowingSystem">
      <UniqueIdentifier>{f5fca7ca-147b-4bcc-ae52-56b5e739cec8}</UniqueIdentifier>
    </Filter>
    <Filter Include="GameEngine\GraphicsEngine">
      <UniqueIdentifier>{58c42273-a2c3-46f5-bca7-71321d6f0833}</UniqueIdentifier>
    </Filter>
    <Filter Include="GameEngine\GraphicsEngine\Shapes">
      <UniqueIdentifier>{46462326-76ce-4bad-b098-a2a692c185e9}</UniqueIdentifier>
    </Filter>
    <Filter Include="GameEngine\GraphicsEngine\EngineTime">
      <UniqueIdentifier>{c7c4c45e-09d2-4d06-b3e6-3f0d13277a30}</UniqueIdentifier>
    </Filter>
    <Filter Include="GameEngine\Math">
      <UniqueIdentifier>{dee8ba6e-1cb6-4a11-afee-29166ad59c5e}</UniqueIdentifier>
    </Filter>
    <Filter Include="GameEngine\GraphicsEngine\Shapes\Quad">
      <UniqueIdentifier>{aa041edb-05bc-43dc-b1fe-062276a1d5f3}</UniqueIdentifier>
    </Filter>
    <Filter Include="GameEngine\GraphicsEngine\Shapes\Cube">
      <UniqueIdentifier>{f67926b2-16a7-4fc5-a752-b949a0d489b8}</UniqueIdentifier>
    </Filter>
    <Filter Include="GameEngine\GraphicsEngine\Shapes\Plane">
      <UniqueIdentifier>{13b7b518-8279-44d7-a269-8838ac71a511}</UniqueIdentifier>
    </Filter>
    <Filter Include="GameEngine\InputSystem">
      <UniqueIdentifier>{8e851a26-534e-4c8b-8b86-22b3572db4cc}</UniqueIdentifier>
    </Filter>
    <Filter Include="GameEngine\GraphicsEngine\Camera">
      <UniqueIdentifier>{21f89a84-c4c8-46c0-8d2b-d44e789ad1dc}</UniqueIdentifier>
    </Filter>
    <Filter Include="GameEngine\GraphicsEngine\ImGui">
      <UniqueIdentifier>{83908843-ac7d-41bc-b6f7-a080361a13db}</UniqueIdentifier>
    </Filter>
    <Filter Include="GameEngine\UI">
      <UniqueIdentifier>{dbb67e1b-b62d-4500-a344-de78fa2b497d}</UniqueIdentifier>
    </Filter>
    <Filter Include="GameEngine\UI\UIManager">
      <UniqueIdentifier>{40a98bd1-45a5-4d3b-91fb-5e4a08477493}</UniqueIdentifier>
    </Filter>
    <Filter Include="GameEngine\UI\UIScreen">
      <UniqueIdentifier>{71d68a4b-a4c7-4063-90ac-662d1358896d}</UniqueIdentifier>
    </Filter>
    <Filter Include="GameEngine\UI\UINames">
      <UniqueIdentifier>{43c6360a-1708-4aaf-b0eb-7a1129358516}</UniqueIdentifier>
    </Filter>
    <Filter Include="GameEngine\UI\UIScreen\Credits">
      <UniqueIdentifier>{da407330-d94f-414b-9b49-a7ec5f62eb4a}</UniqueIdentifier>
    </Filter>
    <Filter Include="GameEngine\UI\UIScreen\MainMenu">
      <UniqueIdentifier>{9280b0cd-95b5-49e4-9900-a81162b3716b}</UniqueIdentifier>
    </Filter>
    <Filter Include="GameEngine\UI\UIScreen\PlaceHolder">
      <UniqueIdentifier>{855c4aee-6e82-410f-86c4-85f746d9631b}</UniqueIdentifier>
    </Filter>
    <Filter Include="GameEngine\GraphicsEngine\ResourceManager">
      <UniqueIdentifier>{bed2cfb0-1015-43b6-86ac-c38e0e23f211}</UniqueIdentifier>
    </Filter>
    <Filter Include="GameEngine\GraphicsEngine\RenderSystem">
      <UniqueIdentifier>{a0c52b52-4f27-4237-a5cd-ba919d8ec44a}</UniqueIdentifier>
    </Filter>
    <Filter Include="GameEngine\GraphicsEngine\RenderSystem\AGameObject">
      <UniqueIdentifier>{191c8979-40f5-4df3-9268-f12ab7a1293a}</UniqueIdentifier>
    </Filter>
    <Filter Include="GameEngine\GraphicsEngine\RenderSystem\ConstantBuffer">
      <UniqueIdentifier>{3e6ad29a-fe3c-44e0-8312-f12365c335d6}</UniqueIdentifier>
    </Filter>
    <Filter Include="GameEngine\GraphicsEngine\RenderSystem\DeviceContext">
      <UniqueIdentifier>{9c520834-6149-413a-8d8f-0005de66dd73}</UniqueIdentifier>
    </Filter>
    <Filter Include="GameEngine\GraphicsEngine\RenderSystem\IndexBuffer">
      <UniqueIdentifier>{38a23f6e-b071-462a-a492-a49205bd272e}</UniqueIdentifier>
    </Filter>
    <Filter Include="GameEngine\GraphicsEngine\RenderSystem\PixelShader">
      <UniqueIdentifier>{2adc21c8-6930-4bfb-81aa-62a74477346f}</UniqueIdentifier>
    </Filter>
    <Filter Include="GameEngine\GraphicsEngine\RenderSystem\SwapChain">
      <UniqueIdentifier>{bf0837ac-f06a-41e9-8b2a-84fd819ec9b4}</UniqueIdentifier>
    </Filter>
    <Filter Include="GameEngine\GraphicsEngine\RenderSystem\VertexBuffer">
      <UniqueIdentifier>{49779b94-4b19-48aa-ad88-a5731140e295}</UniqueIdentifier>
    </Filter>
    <Filter Include="GameEngine\GraphicsEngine\RenderSystem\VertexShader">
      <UniqueIdentifier>{86d182fd-6866-4b5a-9739-b98cbae51acf}</UniqueIdentifier>
    </Filter>
  </ItemGroup>
  <ItemGroup>
    <ClCompile Include="Main.cpp">
      <Filter>App</Filter>
    </ClCompile>
    <ClCompile Include="AppWindow.cpp">
      <Filter>App</Filter>
    </ClCompile>
    <ClCompile Include="Window.cpp">
      <Filter>GameEngine\WindowingSystem</Filter>
    </ClCompile>
    <ClCompile Include="GraphicsEngine.cpp">
      <Filter>GameEngine\GraphicsEngine</Filter>
    </ClCompile>
    <ClCompile Include="SwapChain.cpp">
      <Filter>GameEngine\GraphicsEngine\RenderSystem\SwapChain</Filter>
    </ClCompile>
    <ClCompile Include="DeviceContext.cpp">
      <Filter>GameEngine\GraphicsEngine\RenderSystem\DeviceContext</Filter>
    </ClCompile>
    <ClCompile Include="VertexBuffer.cpp">
      <Filter>GameEngine\GraphicsEngine\RenderSystem\VertexBuffer</Filter>
    </ClCompile>
    <ClCompile Include="VertexShader.cpp">
      <Filter>GameEngine\GraphicsEngine\RenderSystem\VertexShader</Filter>
    </ClCompile>
    <ClCompile Include="PixelShader.cpp">
      <Filter>GameEngine\GraphicsEngine\RenderSystem\PixelShader</Filter>
    </ClCompile>
    <ClCompile Include="ConstantBuffer.cpp">
      <Filter>GameEngine\GraphicsEngine\RenderSystem\ConstantBuffer</Filter>
    </ClCompile>
    <ClCompile Include="EngineTime.cpp">
      <Filter>GameEngine\GraphicsEngine\EngineTime</Filter>
    </ClCompile>
    <ClCompile Include="Vector3D.cpp">
      <Filter>GameEngine\Math</Filter>
    </ClCompile>
    <ClCompile Include="IndexBuffer.cpp">
      <Filter>GameEngine\GraphicsEngine\RenderSystem\IndexBuffer</Filter>
    </ClCompile>
    <ClCompile Include="AGameObject.cpp">
      <Filter>GameEngine\GraphicsEngine\RenderSystem\AGameObject</Filter>
    </ClCompile>
    <ClCompile Include="Quad.cpp">
      <Filter>GameEngine\GraphicsEngine\Shapes\Quad</Filter>
    </ClCompile>
    <ClCompile Include="Cube.cpp">
      <Filter>GameEngine\GraphicsEngine\Shapes\Cube</Filter>
    </ClCompile>
    <ClCompile Include="Plane.cpp">
      <Filter>GameEngine\GraphicsEngine\Shapes\Plane</Filter>
    </ClCompile>
    <ClCompile Include="InputSystem.cpp">
      <Filter>GameEngine\InputSystem</Filter>
    </ClCompile>
    <ClCompile Include="Camera.cpp">
      <Filter>GameEngine\GraphicsEngine\Camera</Filter>
    </ClCompile>
    <ClCompile Include="ImGui\imgui.cpp">
      <Filter>GameEngine\GraphicsEngine\ImGui</Filter>
    </ClCompile>
    <ClCompile Include="ImGui\imgui_draw.cpp">
      <Filter>GameEngine\GraphicsEngine\ImGui</Filter>
    </ClCompile>
    <ClCompile Include="ImGui\imgui_tables.cpp">
      <Filter>GameEngine\GraphicsEngine\ImGui</Filter>
    </ClCompile>
    <ClCompile Include="ImGui\imgui_widgets.cpp">
      <Filter>GameEngine\GraphicsEngine\ImGui</Filter>
    </ClCompile>
    <ClCompile Include="ImGui\imgui_impl_dx11.cpp">
      <Filter>GameEngine\GraphicsEngine\ImGui</Filter>
    </ClCompile>
    <ClCompile Include="ImGui\imgui_impl_win32.cpp">
      <Filter>GameEngine\GraphicsEngine\ImGui</Filter>
    </ClCompile>
    <ClCompile Include="UIManager.cpp">
      <Filter>GameEngine\UI\UIManager</Filter>
    </ClCompile>
    <ClCompile Include="AUIScreen.cpp">
      <Filter>GameEngine\UI\UIScreen</Filter>
    </ClCompile>
    <ClCompile Include="CreditsScreen.cpp">
      <Filter>GameEngine\UI\UIScreen\Credits</Filter>
    </ClCompile>
    <ClCompile Include="MainMenu.cpp">
      <Filter>GameEngine\UI\UIScreen\MainMenu</Filter>
    </ClCompile>
    <ClCompile Include="Placeholder.cpp">
      <Filter>GameEngine\UI\UIScreen\PlaceHolder</Filter>
    </ClCompile>
    <ClCompile Include="ResourceManager.cpp">
      <Filter>GameEngine\GraphicsEngine\ResourceManager</Filter>
    </ClCompile>
    <ClCompile Include="ResourceFile.cpp">
      <Filter>GameEngine\GraphicsEngine\ResourceManager</Filter>
    </ClCompile>
    <ClCompile Include="RenderSystem.cpp">
      <Filter>GameEngine\GraphicsEngine\RenderSystem</Filter>
    </ClCompile>
  </ItemGroup>
  <ItemGroup>
    <ClInclude Include="AppWindow.h">
      <Filter>App</Filter>
    </ClInclude>
    <ClInclude Include="Window.h">
      <Filter>GameEngine\WindowingSystem</Filter>
    </ClInclude>
    <ClInclude Include="GraphicsEngine.h">
      <Filter>GameEngine\GraphicsEngine</Filter>
    </ClInclude>
    <ClInclude Include="SwapChain.h">
      <Filter>GameEngine\GraphicsEngine\RenderSystem\SwapChain</Filter>
    </ClInclude>
    <ClInclude Include="DeviceContext.h">
      <Filter>GameEngine\GraphicsEngine\RenderSystem\DeviceContext</Filter>
    </ClInclude>
    <ClInclude Include="VertexBuffer.h">
      <Filter>GameEngine\GraphicsEngine\RenderSystem\VertexBuffer</Filter>
    </ClInclude>
    <ClInclude Include="VertexShader.h">
      <Filter>GameEngine\GraphicsEngine\RenderSystem\VertexShader</Filter>
    </ClInclude>
    <ClInclude Include="PixelShader.h">
      <Filter>GameEngine\GraphicsEngine\RenderSystem\PixelShader</Filter>
    </ClInclude>
    <ClInclude Include="ConstantBuffer.h">
      <Filter>GameEngine\GraphicsEngine\RenderSystem\ConstantBuffer</Filter>
    </ClInclude>
    <ClInclude Include="resource.h" />
    <ClInclude Include="EngineTime.h">
      <Filter>GameEngine\GraphicsEngine\EngineTime</Filter>
    </ClInclude>
    <ClInclude Include="Vector3D.h">
      <Filter>GameEngine\Math</Filter>
    </ClInclude>
    <ClInclude Include="Matrix4x4.h">
      <Filter>GameEngine\Math</Filter>
    </ClInclude>
    <ClInclude Include="IndexBuffer.h">
      <Filter>GameEngine\GraphicsEngine\RenderSystem\IndexBuffer</Filter>
    </ClInclude>
    <ClInclude Include="AGameObject.h">
      <Filter>GameEngine\GraphicsEngine\RenderSystem\AGameObject</Filter>
    </ClInclude>
    <ClInclude Include="Quad.h">
      <Filter>GameEngine\GraphicsEngine\Shapes\Quad</Filter>
    </ClInclude>
    <ClInclude Include="Cube.h">
      <Filter>GameEngine\GraphicsEngine\Shapes\Cube</Filter>
    </ClInclude>
    <ClInclude Include="Plane.h">
      <Filter>GameEngine\GraphicsEngine\Shapes\Plane</Filter>
    </ClInclude>
    <ClInclude Include="InputSystem.h">
      <Filter>GameEngine\InputSystem</Filter>
    </ClInclude>
    <ClInclude Include="InputListener.h">
      <Filter>GameEngine\InputSystem</Filter>
    </ClInclude>
    <ClInclude Include="Point.h">
      <Filter>GameEngine\Math</Filter>
    </ClInclude>
    <ClInclude Include="Vector4D.h">
      <Filter>GameEngine\Math</Filter>
    </ClInclude>
    <ClInclude Include="Camera.h">
      <Filter>GameEngine\GraphicsEngine\Camera</Filter>
    </ClInclude>
    <ClInclude Include="ImGui\imconfig.h">
      <Filter>GameEngine\GraphicsEngine\ImGui</Filter>
    </ClInclude>
    <ClInclude Include="ImGui\imgui.h">
      <Filter>GameEngine\GraphicsEngine\ImGui</Filter>
    </ClInclude>
    <ClInclude Include="ImGui\imgui_internal.h">
      <Filter>GameEngine\GraphicsEngine\ImGui</Filter>
    </ClInclude>
    <ClInclude Include="ImGui\imstb_rectpack.h">
      <Filter>GameEngine\GraphicsEngine\ImGui</Filter>
    </ClInclude>
    <ClInclude Include="ImGui\imstb_textedit.h">
      <Filter>GameEngine\GraphicsEngine\ImGui</Filter>
    </ClInclude>
    <ClInclude Include="ImGui\imstb_truetype.h">
      <Filter>GameEngine\GraphicsEngine\ImGui</Filter>
    </ClInclude>
    <ClInclude Include="ImGui\imgui_impl_win32.h">
      <Filter>GameEngine\GraphicsEngine\ImGui</Filter>
    </ClInclude>
    <ClInclude Include="ImGui\imgui_impl_dx11.h">
      <Filter>GameEngine\GraphicsEngine\ImGui</Filter>
    </ClInclude>
    <ClInclude Include="UIManager.h">
      <Filter>GameEngine\UI\UIManager</Filter>
    </ClInclude>
    <ClInclude Include="AUIScreen.h">
      <Filter>GameEngine\UI\UIScreen</Filter>
    </ClInclude>
    <ClInclude Include="UINames.h">
      <Filter>GameEngine\UI\UINames</Filter>
    </ClInclude>
    <ClInclude Include="CreditsScreen.h">
      <Filter>GameEngine\UI\UIScreen\Credits</Filter>
    </ClInclude>
    <ClInclude Include="MainMenu.h">
      <Filter>GameEngine\UI\UIScreen\MainMenu</Filter>
    </ClInclude>
    <ClInclude Include="ImGui\stb_image.h" />
    <ClInclude Include="Placeholder.h">
      <Filter>GameEngine\UI\UIScreen\PlaceHolder</Filter>
    </ClInclude>
    <ClInclude Include="ResourceManager.h">
      <Filter>GameEngine\GraphicsEngine\ResourceManager</Filter>
    </ClInclude>
    <ClInclude Include="ResourceFile.h">
      <Filter>GameEngine\GraphicsEngine\ResourceManager</Filter>
    </ClInclude>
    <ClInclude Include="RenderSystem.h">
      <Filter>GameEngine\GraphicsEngine\RenderSystem</Filter>
    </ClInclude>
    <ClInclude Include="Prerequisites.h">
      <Filter>GameEngine\GraphicsEngine</Filter>
    </ClInclude>
  </ItemGroup>
  <ItemGroup>
    <FxCompile Include="VertexShader.hlsl">
      <Filter>App</Filter>
    </FxCompile>
    <FxCompile Include="PixelShader.hlsl">
      <Filter>App</Filter>
    </FxCompile>
  </ItemGroup>
  <ItemGroup>
    <ResourceCompile Include="DirectXGame.rc" />
  </ItemGroup>
  <ItemGroup>
    <Image Include="DLSU Logo.jpeg" />
    <Image Include="Logo.png" />
  </ItemGroup>
</Project>